// !$*UTF8*$!
{
	archiveVersion = 1;
	classes = {
	};
	objectVersion = 46;
	objects = {

/* Begin PBXAggregateTarget section */
		A5BD901814D19A9800A7ADBC /* Lipo */ = {
			isa = PBXAggregateTarget;
			buildConfigurationList = A5BD901914D19A9800A7ADBC /* Build configuration list for PBXAggregateTarget "Lipo" */;
			buildPhases = (
				A5BD901D14D19A9C00A7ADBC /* ShellScript */,
			);
			dependencies = (
			);
			name = Lipo;
			productName = Lipo;
		};
/* End PBXAggregateTarget section */

/* Begin PBXBuildFile section */
		A505007D14D6CBD40070A332 /* IJLocalContext.m in Sources */ = {isa = PBXBuildFile; fileRef = A594286E14D6BE9F003AA7D7 /* IJLocalContext.m */; };
		A505008514D72BF50070A332 /* ITCarIvar.m in Sources */ = {isa = PBXBuildFile; fileRef = A505008414D72BF50070A332 /* ITCarIvar.m */; };
		A51EE8CF15246314005AD2F8 /* Car.xib in Resources */ = {isa = PBXBuildFile; fileRef = A51EE8CE15246314005AD2F8 /* Car.xib */; };
		A51EE8D2152463ED005AD2F8 /* UIKit.framework in Frameworks */ = {isa = PBXBuildFile; fileRef = A51EE8D1152463ED005AD2F8 /* UIKit.framework */; };
		A532BFFA14CB580A0034A43C /* Foundation.framework in Frameworks */ = {isa = PBXBuildFile; fileRef = A532BFF914CB580A0034A43C /* Foundation.framework */; };
		A532C00014CB580A0034A43C /* IJContext.m in Sources */ = {isa = PBXBuildFile; fileRef = A532BFFF14CB580A0034A43C /* IJContext.m */; };
		A532C00F14CB5C470034A43C /* IJClassRegistration.h in Headers */ = {isa = PBXBuildFile; fileRef = A532C00D14CB5C470034A43C /* IJClassRegistration.h */; };
		A532C01014CB5C470034A43C /* IJClassRegistration.m in Sources */ = {isa = PBXBuildFile; fileRef = A532C00E14CB5C470034A43C /* IJClassRegistration.m */; };
		A54DADEC14D4437700907553 /* SenTestingKit.framework in Frameworks */ = {isa = PBXBuildFile; fileRef = A54DADEB14D4437700907553 /* SenTestingKit.framework */; };
		A54DADEF14D4437700907553 /* Foundation.framework in Frameworks */ = {isa = PBXBuildFile; fileRef = A532BFF914CB580A0034A43C /* Foundation.framework */; };
		A54DAE0214D44CC600907553 /* libKiwi.a in Frameworks */ = {isa = PBXBuildFile; fileRef = A54DAE0114D44CC600907553 /* libKiwi.a */; };
		A5890FFF14D49AAC00187EFD /* ITCar.m in Sources */ = {isa = PBXBuildFile; fileRef = A5890FFE14D49AAC00187EFD /* ITCar.m */; };
		A589100214D49AC500187EFD /* ITBrakes.m in Sources */ = {isa = PBXBuildFile; fileRef = A589100114D49AC500187EFD /* ITBrakes.m */; };
		A589100514D49AD300187EFD /* ITParking.m in Sources */ = {isa = PBXBuildFile; fileRef = A589100414D49AD300187EFD /* ITParking.m */; };
		A589100714D49B7100187EFD /* IJContextSpec.m in Sources */ = {isa = PBXBuildFile; fileRef = A589100614D49B7100187EFD /* IJContextSpec.m */; };
		A589100C14D49C7700187EFD /* libInjective.a in Frameworks */ = {isa = PBXBuildFile; fileRef = A532BFF614CB580A0034A43C /* libInjective.a */; };
		A594287014D6BE9F003AA7D7 /* IJLocalContext.m in Sources */ = {isa = PBXBuildFile; fileRef = A594286E14D6BE9F003AA7D7 /* IJLocalContext.m */; };
		A594287314D6BEAF003AA7D7 /* IJLocalContext.h in Headers */ = {isa = PBXBuildFile; fileRef = A594287214D6BEAF003AA7D7 /* IJLocalContext.h */; };
		A594287414D6BEB7003AA7D7 /* IJLocalContext.h in Headers */ = {isa = PBXBuildFile; fileRef = A594287214D6BEAF003AA7D7 /* IJLocalContext.h */; settings = {ATTRIBUTES = (Public, ); }; };
		A594287C14D6C355003AA7D7 /* IJLocalContextSpec.m in Sources */ = {isa = PBXBuildFile; fileRef = A594287B14D6C355003AA7D7 /* IJLocalContextSpec.m */; };
		A5BD901114D1996800A7ADBC /* IJContext.h in Headers */ = {isa = PBXBuildFile; fileRef = A532BFFE14CB580A0034A43C /* IJContext.h */; settings = {ATTRIBUTES = (Public, ); }; };
		A5BD901314D1996D00A7ADBC /* IJClassRegistration.h in Headers */ = {isa = PBXBuildFile; fileRef = A532C00D14CB5C470034A43C /* IJClassRegistration.h */; settings = {ATTRIBUTES = (); }; };
		A5BD901514D1998200A7ADBC /* IJContext.m in Sources */ = {isa = PBXBuildFile; fileRef = A532BFFF14CB580A0034A43C /* IJContext.m */; };
		A5BD901714D1998800A7ADBC /* IJClassRegistration.m in Sources */ = {isa = PBXBuildFile; fileRef = A532C00E14CB5C470034A43C /* IJClassRegistration.m */; };
/* End PBXBuildFile section */

/* Begin PBXFileReference section */
		A505008314D72BF50070A332 /* ITCarIvar.h */ = {isa = PBXFileReference; fileEncoding = 4; lastKnownFileType = sourcecode.c.h; name = ITCarIvar.h; path = Spec/Helpers/ITCarIvar.h; sourceTree = SOURCE_ROOT; };
		A505008414D72BF50070A332 /* ITCarIvar.m */ = {isa = PBXFileReference; fileEncoding = 4; lastKnownFileType = sourcecode.c.objc; name = ITCarIvar.m; path = Spec/Helpers/ITCarIvar.m; sourceTree = SOURCE_ROOT; };
		A51EE8CE15246314005AD2F8 /* Car.xib */ = {isa = PBXFileReference; fileEncoding = 4; lastKnownFileType = file.xib; name = Car.xib; path = Spec/Support/Car.xib; sourceTree = SOURCE_ROOT; };
		A51EE8D1152463ED005AD2F8 /* UIKit.framework */ = {isa = PBXFileReference; lastKnownFileType = wrapper.framework; name = UIKit.framework; path = System/Library/Frameworks/UIKit.framework; sourceTree = SDKROOT; };
		A532BFF614CB580A0034A43C /* libInjective.a */ = {isa = PBXFileReference; explicitFileType = archive.ar; includeInIndex = 0; path = libInjective.a; sourceTree = BUILT_PRODUCTS_DIR; };
		A532BFF914CB580A0034A43C /* Foundation.framework */ = {isa = PBXFileReference; lastKnownFileType = wrapper.framework; name = Foundation.framework; path = System/Library/Frameworks/Foundation.framework; sourceTree = SDKROOT; };
		A532BFFD14CB580A0034A43C /* Injective-Prefix.pch */ = {isa = PBXFileReference; lastKnownFileType = sourcecode.c.h; path = "Injective-Prefix.pch"; sourceTree = "<group>"; };
		A532BFFE14CB580A0034A43C /* IJContext.h */ = {isa = PBXFileReference; lastKnownFileType = sourcecode.c.h; path = IJContext.h; sourceTree = "<group>"; };
		A532BFFF14CB580A0034A43C /* IJContext.m */ = {isa = PBXFileReference; lastKnownFileType = sourcecode.c.objc; path = IJContext.m; sourceTree = "<group>"; };
		A532C00D14CB5C470034A43C /* IJClassRegistration.h */ = {isa = PBXFileReference; fileEncoding = 4; lastKnownFileType = sourcecode.c.h; path = IJClassRegistration.h; sourceTree = "<group>"; };
		A532C00E14CB5C470034A43C /* IJClassRegistration.m */ = {isa = PBXFileReference; fileEncoding = 4; lastKnownFileType = sourcecode.c.objc; path = IJClassRegistration.m; sourceTree = "<group>"; };
		A54DADEA14D4437700907553 /* InjectiveTests.octest */ = {isa = PBXFileReference; explicitFileType = wrapper.cfbundle; includeInIndex = 0; path = InjectiveTests.octest; sourceTree = BUILT_PRODUCTS_DIR; };
		A54DADEB14D4437700907553 /* SenTestingKit.framework */ = {isa = PBXFileReference; lastKnownFileType = wrapper.framework; name = SenTestingKit.framework; path = Library/Frameworks/SenTestingKit.framework; sourceTree = DEVELOPER_DIR; };
		A54DADF914D4437700907553 /* InjectiveTests-Prefix.pch */ = {isa = PBXFileReference; lastKnownFileType = sourcecode.c.h; path = "InjectiveTests-Prefix.pch"; sourceTree = "<group>"; };
		A54DAE0114D44CC600907553 /* libKiwi.a */ = {isa = PBXFileReference; lastKnownFileType = archive.ar; name = libKiwi.a; path = "Kiwi/build/Release-iphoneos/libKiwi.a"; sourceTree = "<group>"; };
		A5890FFD14D49AAC00187EFD /* ITCar.h */ = {isa = PBXFileReference; fileEncoding = 4; lastKnownFileType = sourcecode.c.h; name = ITCar.h; path = Spec/Helpers/ITCar.h; sourceTree = SOURCE_ROOT; };
		A5890FFE14D49AAC00187EFD /* ITCar.m */ = {isa = PBXFileReference; fileEncoding = 4; lastKnownFileType = sourcecode.c.objc; name = ITCar.m; path = Spec/Helpers/ITCar.m; sourceTree = SOURCE_ROOT; };
		A589100014D49AC500187EFD /* ITBrakes.h */ = {isa = PBXFileReference; fileEncoding = 4; lastKnownFileType = sourcecode.c.h; name = ITBrakes.h; path = Spec/Helpers/ITBrakes.h; sourceTree = SOURCE_ROOT; };
		A589100114D49AC500187EFD /* ITBrakes.m */ = {isa = PBXFileReference; fileEncoding = 4; lastKnownFileType = sourcecode.c.objc; name = ITBrakes.m; path = Spec/Helpers/ITBrakes.m; sourceTree = SOURCE_ROOT; };
		A589100314D49AD300187EFD /* ITParking.h */ = {isa = PBXFileReference; fileEncoding = 4; lastKnownFileType = sourcecode.c.h; name = ITParking.h; path = Spec/Helpers/ITParking.h; sourceTree = SOURCE_ROOT; };
		A589100414D49AD300187EFD /* ITParking.m */ = {isa = PBXFileReference; fileEncoding = 4; lastKnownFileType = sourcecode.c.objc; name = ITParking.m; path = Spec/Helpers/ITParking.m; sourceTree = SOURCE_ROOT; };
		A589100614D49B7100187EFD /* IJContextSpec.m */ = {isa = PBXFileReference; fileEncoding = 4; lastKnownFileType = sourcecode.c.objc; name = IJContextSpec.m; path = Spec/IJContextSpec.m; sourceTree = SOURCE_ROOT; };
		A589100814D49C0D00187EFD /* ITHelpers.h */ = {isa = PBXFileReference; fileEncoding = 4; lastKnownFileType = sourcecode.c.h; name = ITHelpers.h; path = Spec/Helpers/ITHelpers.h; sourceTree = SOURCE_ROOT; };
		A594286E14D6BE9F003AA7D7 /* IJLocalContext.m */ = {isa = PBXFileReference; fileEncoding = 4; lastKnownFileType = sourcecode.c.objc; path = IJLocalContext.m; sourceTree = "<group>"; };
		A594287214D6BEAF003AA7D7 /* IJLocalContext.h */ = {isa = PBXFileReference; fileEncoding = 4; lastKnownFileType = sourcecode.c.h; path = IJLocalContext.h; sourceTree = "<group>"; };
		A594287B14D6C355003AA7D7 /* IJLocalContextSpec.m */ = {isa = PBXFileReference; fileEncoding = 4; lastKnownFileType = sourcecode.c.objc; name = IJLocalContextSpec.m; path = Spec/IJLocalContextSpec.m; sourceTree = SOURCE_ROOT; };
		A5BD8FFF14D1962F00A7ADBC /* Injective.framework */ = {isa = PBXFileReference; explicitFileType = wrapper.cfbundle; includeInIndex = 0; path = Injective.framework; sourceTree = BUILT_PRODUCTS_DIR; };
/* End PBXFileReference section */

/* Begin PBXFrameworksBuildPhase section */
		A532BFF314CB580A0034A43C /* Frameworks */ = {
			isa = PBXFrameworksBuildPhase;
			buildActionMask = 2147483647;
			files = (
				A532BFFA14CB580A0034A43C /* Foundation.framework in Frameworks */,
			);
			runOnlyForDeploymentPostprocessing = 0;
		};
		A54DADE614D4437700907553 /* Frameworks */ = {
			isa = PBXFrameworksBuildPhase;
			buildActionMask = 2147483647;
			files = (
				A51EE8D2152463ED005AD2F8 /* UIKit.framework in Frameworks */,
				A54DADEC14D4437700907553 /* SenTestingKit.framework in Frameworks */,
				A589100C14D49C7700187EFD /* libInjective.a in Frameworks */,
				A54DAE0214D44CC600907553 /* libKiwi.a in Frameworks */,
				A54DADEF14D4437700907553 /* Foundation.framework in Frameworks */,
			);
			runOnlyForDeploymentPostprocessing = 0;
		};
		A5BD8FFC14D1962F00A7ADBC /* Frameworks */ = {
			isa = PBXFrameworksBuildPhase;
			buildActionMask = 2147483647;
			files = (
			);
			runOnlyForDeploymentPostprocessing = 0;
		};
/* End PBXFrameworksBuildPhase section */

/* Begin PBXGroup section */
		A532BFEB14CB580A0034A43C = {
			isa = PBXGroup;
			children = (
				A532BFFB14CB580A0034A43C /* Injective */,
				A54DADF014D4437700907553 /* InjectiveTests */,
				A532BFF814CB580A0034A43C /* Frameworks */,
				A532BFF714CB580A0034A43C /* Products */,
			);
			sourceTree = "<group>";
		};
		A532BFF714CB580A0034A43C /* Products */ = {
			isa = PBXGroup;
			children = (
				A532BFF614CB580A0034A43C /* libInjective.a */,
				A5BD8FFF14D1962F00A7ADBC /* Injective.framework */,
				A54DADEA14D4437700907553 /* InjectiveTests.octest */,
			);
			name = Products;
			sourceTree = "<group>";
		};
		A532BFF814CB580A0034A43C /* Frameworks */ = {
			isa = PBXGroup;
			children = (
				A51EE8D1152463ED005AD2F8 /* UIKit.framework */,
				A532BFF914CB580A0034A43C /* Foundation.framework */,
				A54DADEB14D4437700907553 /* SenTestingKit.framework */,
				A54DAE0114D44CC600907553 /* libKiwi.a */,
			);
			name = Frameworks;
			sourceTree = "<group>";
		};
		A532BFFB14CB580A0034A43C /* Injective */ = {
			isa = PBXGroup;
			children = (
				A5BD8FC214D192C200A7ADBC /* Headers */,
				A532C00A14CB5BAE0034A43C /* Classes */,
				A532BFFC14CB580A0034A43C /* Supporting Files */,
			);
			path = Injective;
			sourceTree = "<group>";
		};
		A532BFFC14CB580A0034A43C /* Supporting Files */ = {
			isa = PBXGroup;
			children = (
				A532BFFD14CB580A0034A43C /* Injective-Prefix.pch */,
			);
			name = "Supporting Files";
			sourceTree = "<group>";
		};
		A532C00A14CB5BAE0034A43C /* Classes */ = {
			isa = PBXGroup;
			children = (
				A532BFFF14CB580A0034A43C /* IJContext.m */,
				A594286E14D6BE9F003AA7D7 /* IJLocalContext.m */,
				A532C00D14CB5C470034A43C /* IJClassRegistration.h */,
				A532C00E14CB5C470034A43C /* IJClassRegistration.m */,
			);
			path = Classes;
			sourceTree = "<group>";
		};
		A54DADF014D4437700907553 /* InjectiveTests */ = {
			isa = PBXGroup;
			children = (
				A5890FFA14D49A0E00187EFD /* Specs */,
				A5890FFC14D49A1500187EFD /* Helpers */,
				A54DADF114D4437700907553 /* Supporting Files */,
			);
			path = InjectiveTests;
			sourceTree = "<group>";
		};
		A54DADF114D4437700907553 /* Supporting Files */ = {
			isa = PBXGroup;
			children = (
				A54DADF914D4437700907553 /* InjectiveTests-Prefix.pch */,
				A51EE8CE15246314005AD2F8 /* Car.xib */,
			);
			name = "Supporting Files";
			path = Spec/Support;
			sourceTree = "<group>";
		};
		A5890FFA14D49A0E00187EFD /* Specs */ = {
			isa = PBXGroup;
			children = (
				A589100614D49B7100187EFD /* IJContextSpec.m */,
				A594287B14D6C355003AA7D7 /* IJLocalContextSpec.m */,
			);
			name = Specs;
			sourceTree = "<group>";
		};
		A5890FFC14D49A1500187EFD /* Helpers */ = {
			isa = PBXGroup;
			children = (
				A5890FFD14D49AAC00187EFD /* ITCar.h */,
				A5890FFE14D49AAC00187EFD /* ITCar.m */,
				A589100014D49AC500187EFD /* ITBrakes.h */,
				A589100114D49AC500187EFD /* ITBrakes.m */,
				A589100314D49AD300187EFD /* ITParking.h */,
				A589100414D49AD300187EFD /* ITParking.m */,
				A505008314D72BF50070A332 /* ITCarIvar.h */,
				A505008414D72BF50070A332 /* ITCarIvar.m */,
				A589100814D49C0D00187EFD /* ITHelpers.h */,
			);
			name = Helpers;
			path = Spec/Helpers;
			sourceTree = "<group>";
		};
		A5BD8FC214D192C200A7ADBC /* Headers */ = {
			isa = PBXGroup;
			children = (
				A532BFFE14CB580A0034A43C /* IJContext.h */,
				A594287214D6BEAF003AA7D7 /* IJLocalContext.h */,
			);
			path = Headers;
			sourceTree = "<group>";
		};
/* End PBXGroup section */

/* Begin PBXHeadersBuildPhase section */
		A532BFF414CB580A0034A43C /* Headers */ = {
			isa = PBXHeadersBuildPhase;
			buildActionMask = 2147483647;
			files = (
				A532C00F14CB5C470034A43C /* IJClassRegistration.h in Headers */,
				A594287314D6BEAF003AA7D7 /* IJLocalContext.h in Headers */,
			);
			runOnlyForDeploymentPostprocessing = 0;
		};
		A5BD901014D1995C00A7ADBC /* Headers */ = {
			isa = PBXHeadersBuildPhase;
			buildActionMask = 2147483647;
			files = (
				A5BD901114D1996800A7ADBC /* IJContext.h in Headers */,
				A594287414D6BEB7003AA7D7 /* IJLocalContext.h in Headers */,
				A5BD901314D1996D00A7ADBC /* IJClassRegistration.h in Headers */,
			);
			runOnlyForDeploymentPostprocessing = 0;
		};
/* End PBXHeadersBuildPhase section */

/* Begin PBXNativeTarget section */
		A532BFF514CB580A0034A43C /* Injective */ = {
			isa = PBXNativeTarget;
			buildConfigurationList = A532C00314CB580A0034A43C /* Build configuration list for PBXNativeTarget "Injective" */;
			buildPhases = (
				A532BFF214CB580A0034A43C /* Sources */,
				A532BFF314CB580A0034A43C /* Frameworks */,
				A532BFF414CB580A0034A43C /* Headers */,
			);
			buildRules = (
			);
			dependencies = (
			);
			name = Injective;
			productName = Injective;
			productReference = A532BFF614CB580A0034A43C /* libInjective.a */;
			productType = "com.apple.product-type.library.static";
		};
		A54DADE914D4437700907553 /* InjectiveTests */ = {
			isa = PBXNativeTarget;
			buildConfigurationList = A54DADFA14D4437700907553 /* Build configuration list for PBXNativeTarget "InjectiveTests" */;
			buildPhases = (
				A54DADE514D4437700907553 /* Sources */,
				A54DADE614D4437700907553 /* Frameworks */,
				A54DADE714D4437700907553 /* Resources */,
				A54DADE814D4437700907553 /* ShellScript */,
			);
			buildRules = (
			);
			dependencies = (
			);
			name = InjectiveTests;
			productName = InjectiveTests;
			productReference = A54DADEA14D4437700907553 /* InjectiveTests.octest */;
			productType = "com.apple.product-type.bundle";
		};
		A5BD8FFE14D1962F00A7ADBC /* InjectiveFramework */ = {
			isa = PBXNativeTarget;
			buildConfigurationList = A5BD900C14D1962F00A7ADBC /* Build configuration list for PBXNativeTarget "InjectiveFramework" */;
			buildPhases = (
				A5BD8FFB14D1962F00A7ADBC /* Sources */,
				A5BD8FFC14D1962F00A7ADBC /* Frameworks */,
				A5BD8FFD14D1962F00A7ADBC /* Resources */,
				A5BD901014D1995C00A7ADBC /* Headers */,
			);
			buildRules = (
			);
			dependencies = (
			);
			name = InjectiveFramework;
			productName = InjectiveFramework;
			productReference = A5BD8FFF14D1962F00A7ADBC /* Injective.framework */;
			productType = "com.apple.product-type.bundle";
		};
/* End PBXNativeTarget section */

/* Begin PBXProject section */
		A532BFED14CB580A0034A43C /* Project object */ = {
			isa = PBXProject;
			attributes = {
				LastUpgradeCheck = 0430;
				ORGANIZATIONNAME = "Ciklum ApS";
			};
			buildConfigurationList = A532BFF014CB580A0034A43C /* Build configuration list for PBXProject "Injective" */;
			compatibilityVersion = "Xcode 3.2";
			developmentRegion = English;
			hasScannedForEncodings = 0;
			knownRegions = (
				en,
			);
			mainGroup = A532BFEB14CB580A0034A43C;
			productRefGroup = A532BFF714CB580A0034A43C /* Products */;
			projectDirPath = "";
			projectRoot = "";
			targets = (
				A532BFF514CB580A0034A43C /* Injective */,
				A5BD8FFE14D1962F00A7ADBC /* InjectiveFramework */,
				A5BD901814D19A9800A7ADBC /* Lipo */,
				A54DADE914D4437700907553 /* InjectiveTests */,
			);
		};
/* End PBXProject section */

/* Begin PBXResourcesBuildPhase section */
		A54DADE714D4437700907553 /* Resources */ = {
			isa = PBXResourcesBuildPhase;
			buildActionMask = 2147483647;
			files = (
				A51EE8CF15246314005AD2F8 /* Car.xib in Resources */,
			);
			runOnlyForDeploymentPostprocessing = 0;
		};
		A5BD8FFD14D1962F00A7ADBC /* Resources */ = {
			isa = PBXResourcesBuildPhase;
			buildActionMask = 2147483647;
			files = (
			);
			runOnlyForDeploymentPostprocessing = 0;
		};
/* End PBXResourcesBuildPhase section */

/* Begin PBXShellScriptBuildPhase section */
		A54DADE814D4437700907553 /* ShellScript */ = {
			isa = PBXShellScriptBuildPhase;
			buildActionMask = 2147483647;
			files = (
			);
			inputPaths = (
			);
			outputPaths = (
			);
			runOnlyForDeploymentPostprocessing = 0;
			shellPath = /bin/sh;
			shellScript = "# Run the unit tests in this test bundle.\n\"${SYSTEM_DEVELOPER_DIR}/Tools/RunUnitTests\"\n";
		};
		A5BD901D14D19A9C00A7ADBC /* ShellScript */ = {
			isa = PBXShellScriptBuildPhase;
			buildActionMask = 2147483647;
			files = (
			);
			inputPaths = (
			);
			outputPaths = (
			);
			runOnlyForDeploymentPostprocessing = 0;
			shellPath = /bin/sh;
			shellScript = "if [ \"${ACTION}\" = \"build\" ]; then\n    INSTALL_DIR=${SYMROOT}/Injective.framework\n    DEVICE_DIR=${SYMROOT}/Release-iphoneos\n    SIMULATOR_DIR=${SYMROOT}/Release-iphonesimulator\n\n    # Create and renews the final product folder.\n    mkdir -p \"${INSTALL_DIR}\"\n    rm -rf \"${INSTALL_DIR}\"\n    rm -rf \"${INSTALL_DIR}/Injective\"\n\n    # Copy the header files to the final product folder.\n    ditto \"${DEVICE_DIR}/Injective.framework/Headers\" \"${INSTALL_DIR}/Headers\"\n\n    # Use the Lipo Tool to merge both binary files (i386 + armv6/armv7) into one Universal final product.\n    lipo -create \"${DEVICE_DIR}/Injective.framework/Injective\" \"${SIMULATOR_DIR}/Injective.framework/Injective\" -output \"${INSTALL_DIR}/Injective\"\nfi";
		};
/* End PBXShellScriptBuildPhase section */

/* Begin PBXSourcesBuildPhase section */
		A532BFF214CB580A0034A43C /* Sources */ = {
			isa = PBXSourcesBuildPhase;
			buildActionMask = 2147483647;
			files = (
				A532C00014CB580A0034A43C /* IJContext.m in Sources */,
				A532C01014CB5C470034A43C /* IJClassRegistration.m in Sources */,
				A594287014D6BE9F003AA7D7 /* IJLocalContext.m in Sources */,
			);
			runOnlyForDeploymentPostprocessing = 0;
		};
		A54DADE514D4437700907553 /* Sources */ = {
			isa = PBXSourcesBuildPhase;
			buildActionMask = 2147483647;
			files = (
				A5890FFF14D49AAC00187EFD /* ITCar.m in Sources */,
				A589100214D49AC500187EFD /* ITBrakes.m in Sources */,
				A589100514D49AD300187EFD /* ITParking.m in Sources */,
				A589100714D49B7100187EFD /* IJContextSpec.m in Sources */,
				A594287C14D6C355003AA7D7 /* IJLocalContextSpec.m in Sources */,
				A505008514D72BF50070A332 /* ITCarIvar.m in Sources */,
			);
			runOnlyForDeploymentPostprocessing = 0;
		};
		A5BD8FFB14D1962F00A7ADBC /* Sources */ = {
			isa = PBXSourcesBuildPhase;
			buildActionMask = 2147483647;
			files = (
				A5BD901714D1998800A7ADBC /* IJClassRegistration.m in Sources */,
				A5BD901514D1998200A7ADBC /* IJContext.m in Sources */,
				A505007D14D6CBD40070A332 /* IJLocalContext.m in Sources */,
			);
			runOnlyForDeploymentPostprocessing = 0;
		};
/* End PBXSourcesBuildPhase section */

/* Begin XCBuildConfiguration section */
		A532C00114CB580A0034A43C /* Debug */ = {
			isa = XCBuildConfiguration;
			buildSettings = {
				ALWAYS_SEARCH_USER_PATHS = NO;
				ARCHS = "$(ARCHS_STANDARD_32_BIT)";
				COPY_PHASE_STRIP = NO;
				DEAD_CODE_STRIPPING = NO;
				GCC_C_LANGUAGE_STANDARD = gnu99;
				GCC_DYNAMIC_NO_PIC = NO;
				GCC_OPTIMIZATION_LEVEL = 0;
				GCC_PREPROCESSOR_DEFINITIONS = (
					"DEBUG=1",
					"$(inherited)",
				);
				GCC_SYMBOLS_PRIVATE_EXTERN = NO;
				GCC_VERSION = com.apple.compilers.llvm.clang.1_0;
				GCC_WARN_ABOUT_MISSING_PROTOTYPES = YES;
				GCC_WARN_ABOUT_RETURN_TYPE = YES;
				GCC_WARN_UNUSED_VARIABLE = YES;
				IPHONEOS_DEPLOYMENT_TARGET = 4.3;
				SDKROOT = iphoneos;
			};
			name = Debug;
		};
		A532C00214CB580A0034A43C /* Release */ = {
			isa = XCBuildConfiguration;
			buildSettings = {
				ALWAYS_SEARCH_USER_PATHS = NO;
				ARCHS = "$(ARCHS_STANDARD_32_BIT)";
				COPY_PHASE_STRIP = YES;
				DEAD_CODE_STRIPPING = NO;
				GCC_C_LANGUAGE_STANDARD = gnu99;
				GCC_VERSION = com.apple.compilers.llvm.clang.1_0;
				GCC_WARN_ABOUT_MISSING_PROTOTYPES = YES;
				GCC_WARN_ABOUT_RETURN_TYPE = YES;
				GCC_WARN_UNUSED_VARIABLE = YES;
				IPHONEOS_DEPLOYMENT_TARGET = 4.3;
				SDKROOT = iphoneos;
				VALIDATE_PRODUCT = YES;
			};
			name = Release;
		};
		A532C00414CB580A0034A43C /* Debug */ = {
			isa = XCBuildConfiguration;
			buildSettings = {
				DSTROOT = /tmp/Injective.dst;
				GCC_PRECOMPILE_PREFIX_HEADER = YES;
				GCC_PREFIX_HEADER = "Injective/Injective-Prefix.pch";
				LINK_WITH_STANDARD_LIBRARIES = YES;
				PRODUCT_NAME = "$(TARGET_NAME)";
				SKIP_INSTALL = YES;
			};
			name = Debug;
		};
		A532C00514CB580A0034A43C /* Release */ = {
			isa = XCBuildConfiguration;
			buildSettings = {
				DSTROOT = /tmp/Injective.dst;
				GCC_PRECOMPILE_PREFIX_HEADER = YES;
				GCC_PREFIX_HEADER = "Injective/Injective-Prefix.pch";
				LINK_WITH_STANDARD_LIBRARIES = YES;
				PRODUCT_NAME = "$(TARGET_NAME)";
				SKIP_INSTALL = YES;
			};
			name = Release;
		};
		A54DADFB14D4437700907553 /* Debug */ = {
			isa = XCBuildConfiguration;
			buildSettings = {
				CLANG_ENABLE_OBJC_ARC = NO;
				FRAMEWORK_SEARCH_PATHS = (
					"$(SDKROOT)/Developer/Library/Frameworks",
					"$(DEVELOPER_LIBRARY_DIR)/Frameworks",
				);
				GCC_PRECOMPILE_PREFIX_HEADER = YES;
				GCC_PREFIX_HEADER = "Spec/Support/InjectiveTests-Prefix.pch";
				HEADER_SEARCH_PATHS = "$(PROJECT_DIR)/Kiwi/Kiwi";
				IPHONEOS_DEPLOYMENT_TARGET = 5.1;
				OTHER_LDFLAGS = "-all_load";
				PRODUCT_NAME = "$(TARGET_NAME)";
				WRAPPER_EXTENSION = octest;
			};
			name = Debug;
		};
		A54DADFC14D4437700907553 /* Profile */ = {
			isa = XCBuildConfiguration;
			buildSettings = {
				CLANG_ENABLE_OBJC_ARC = NO;
				FRAMEWORK_SEARCH_PATHS = (
					"$(SDKROOT)/Developer/Library/Frameworks",
					"$(DEVELOPER_LIBRARY_DIR)/Frameworks",
				);
				GCC_PRECOMPILE_PREFIX_HEADER = YES;
				GCC_PREFIX_HEADER = "Spec/Support/InjectiveTests-Prefix.pch";
				HEADER_SEARCH_PATHS = "$(PROJECT_DIR)/Kiwi/Kiwi";
				IPHONEOS_DEPLOYMENT_TARGET = 5.1;
				OTHER_LDFLAGS = (
					"-L/Developer/usr/lib/",
					"-lprofile_rt",
					"-all_load",
				);
				PRODUCT_NAME = "$(TARGET_NAME)";
				WRAPPER_EXTENSION = octest;
			};
			name = Profile;
		};
		A54DADFD14D4437700907553 /* Release */ = {
			isa = XCBuildConfiguration;
			buildSettings = {
				CLANG_ENABLE_OBJC_ARC = NO;
				FRAMEWORK_SEARCH_PATHS = (
					"$(SDKROOT)/Developer/Library/Frameworks",
					"$(DEVELOPER_LIBRARY_DIR)/Frameworks",
				);
				GCC_PRECOMPILE_PREFIX_HEADER = YES;
				GCC_PREFIX_HEADER = "Spec/Support/InjectiveTests-Prefix.pch";
				HEADER_SEARCH_PATHS = "$(PROJECT_DIR)/Kiwi/Kiwi";
				IPHONEOS_DEPLOYMENT_TARGET = 5.1;
				PRODUCT_NAME = "$(TARGET_NAME)";
				WRAPPER_EXTENSION = octest;
			};
			name = Release;
		};
		A5BD8FC614D1937C00A7ADBC /* Profile */ = {
			isa = XCBuildConfiguration;
			buildSettings = {
				ALWAYS_SEARCH_USER_PATHS = NO;
				ARCHS = "$(ARCHS_STANDARD_32_BIT)";
				COPY_PHASE_STRIP = NO;
				DEAD_CODE_STRIPPING = NO;
				GCC_C_LANGUAGE_STANDARD = gnu99;
				GCC_DYNAMIC_NO_PIC = NO;
				GCC_GENERATE_TEST_COVERAGE_FILES = YES;
				GCC_INSTRUMENT_PROGRAM_FLOW_ARCS = YES;
				GCC_OPTIMIZATION_LEVEL = 0;
				GCC_PREPROCESSOR_DEFINITIONS = (
					"DEBUG=1",
					"$(inherited)",
				);
				GCC_SYMBOLS_PRIVATE_EXTERN = NO;
				GCC_VERSION = com.apple.compilers.llvm.clang.1_0;
				GCC_WARN_ABOUT_MISSING_PROTOTYPES = YES;
				GCC_WARN_ABOUT_RETURN_TYPE = YES;
				GCC_WARN_UNUSED_VARIABLE = YES;
				GENERATE_PROFILING_CODE = YES;
				IPHONEOS_DEPLOYMENT_TARGET = 4.3;
				OTHER_LDFLAGS = (
					"-L/Developer/usr/lib/",
					"-lprofile_rt",
				);
				SDKROOT = iphoneos;
			};
			name = Profile;
		};
		A5BD8FC714D1937C00A7ADBC /* Profile */ = {
			isa = XCBuildConfiguration;
			buildSettings = {
				DSTROOT = /tmp/Injective.dst;
				GCC_PRECOMPILE_PREFIX_HEADER = YES;
				GCC_PREFIX_HEADER = "Injective/Injective-Prefix.pch";
				LINK_WITH_STANDARD_LIBRARIES = YES;
				PRODUCT_NAME = "$(TARGET_NAME)";
				SKIP_INSTALL = YES;
			};
			name = Profile;
		};
		A5BD900914D1962F00A7ADBC /* Debug */ = {
			isa = XCBuildConfiguration;
			buildSettings = {
				GCC_ENABLE_OBJC_EXCEPTIONS = YES;
				GCC_WARN_64_TO_32_BIT_CONVERSION = YES;
				INSTALL_PATH = "$(BUILT_PRODUCTS_DIR)";
				LINK_WITH_STANDARD_LIBRARIES = YES;
				MACH_O_TYPE = mh_object;
				PRODUCT_NAME = Injective;
				WRAPPER_EXTENSION = framework;
			};
			name = Debug;
		};
		A5BD900A14D1962F00A7ADBC /* Profile */ = {
			isa = XCBuildConfiguration;
			buildSettings = {
				DEBUG_INFORMATION_FORMAT = "dwarf-with-dsym";
				GCC_ENABLE_OBJC_EXCEPTIONS = YES;
				GCC_WARN_64_TO_32_BIT_CONVERSION = YES;
				INSTALL_PATH = "$(BUILT_PRODUCTS_DIR)";
				LINK_WITH_STANDARD_LIBRARIES = YES;
				MACH_O_TYPE = mh_object;
				PRODUCT_NAME = Injective;
				WRAPPER_EXTENSION = framework;
			};
			name = Profile;
		};
		A5BD900B14D1962F00A7ADBC /* Release */ = {
			isa = XCBuildConfiguration;
			buildSettings = {
				COPY_PHASE_STRIP = NO;
				DEBUG_INFORMATION_FORMAT = "dwarf-with-dsym";
				GCC_ENABLE_OBJC_EXCEPTIONS = YES;
				GCC_WARN_64_TO_32_BIT_CONVERSION = YES;
				INSTALL_PATH = "$(BUILT_PRODUCTS_DIR)";
				LINK_WITH_STANDARD_LIBRARIES = YES;
				MACH_O_TYPE = mh_object;
				PRODUCT_NAME = Injective;
				WRAPPER_EXTENSION = framework;
			};
			name = Release;
		};
		A5BD901A14D19A9800A7ADBC /* Debug */ = {
			isa = XCBuildConfiguration;
			buildSettings = {
				PRODUCT_NAME = "$(TARGET_NAME)";
			};
			name = Debug;
		};
		A5BD901B14D19A9800A7ADBC /* Profile */ = {
			isa = XCBuildConfiguration;
			buildSettings = {
				PRODUCT_NAME = "$(TARGET_NAME)";
			};
			name = Profile;
		};
		A5BD901C14D19A9800A7ADBC /* Release */ = {
			isa = XCBuildConfiguration;
			buildSettings = {
				PRODUCT_NAME = "$(TARGET_NAME)";
			};
			name = Release;
		};
/* End XCBuildConfiguration section */

/* Begin XCConfigurationList section */
		A532BFF014CB580A0034A43C /* Build configuration list for PBXProject "Injective" */ = {
			isa = XCConfigurationList;
			buildConfigurations = (
				A532C00114CB580A0034A43C /* Debug */,
				A5BD8FC614D1937C00A7ADBC /* Profile */,
				A532C00214CB580A0034A43C /* Release */,
			);
			defaultConfigurationIsVisible = 0;
			defaultConfigurationName = Release;
		};
		A532C00314CB580A0034A43C /* Build configuration list for PBXNativeTarget "Injective" */ = {
			isa = XCConfigurationList;
			buildConfigurations = (
				A532C00414CB580A0034A43C /* Debug */,
				A5BD8FC714D1937C00A7ADBC /* Profile */,
				A532C00514CB580A0034A43C /* Release */,
			);
			defaultConfigurationIsVisible = 0;
			defaultConfigurationName = Release;
		};
		A54DADFA14D4437700907553 /* Build configuration list for PBXNativeTarget "InjectiveTests" */ = {
			isa = XCConfigurationList;
			buildConfigurations = (
				A54DADFB14D4437700907553 /* Debug */,
				A54DADFC14D4437700907553 /* Profile */,
				A54DADFD14D4437700907553 /* Release */,
			);
			defaultConfigurationIsVisible = 0;
			defaultConfigurationName = Release;
		};
		A5BD900C14D1962F00A7ADBC /* Build configuration list for PBXNativeTarget "InjectiveFramework" */ = {
			isa = XCConfigurationList;
			buildConfigurations = (
				A5BD900914D1962F00A7ADBC /* Debug */,
				A5BD900A14D1962F00A7ADBC /* Profile */,
				A5BD900B14D1962F00A7ADBC /* Release */,
			);
			defaultConfigurationIsVisible = 0;
			defaultConfigurationName = Release;
		};
		A5BD901914D19A9800A7ADBC /* Build configuration list for PBXAggregateTarget "Lipo" */ = {
			isa = XCConfigurationList;
			buildConfigurations = (
				A5BD901A14D19A9800A7ADBC /* Debug */,
				A5BD901B14D19A9800A7ADBC /* Profile */,
				A5BD901C14D19A9800A7ADBC /* Release */,
			);
			defaultConfigurationIsVisible = 0;
			defaultConfigurationName = Release;
		};
/* End XCConfigurationList section */
	};
	rootObject = A532BFED14CB580A0034A43C /* Project object */;
}
